<Solution>
  <Folder Name="/src/">
    <Project Path="src/WellInsightEngine.Api/WellInsightEngine.Api.csproj" />
    <Project Path="src/WellInsightEngine.Core/WellInsightEngine.Core.csproj" />
    <Project Path="src/WellInsightEngine.Infrastructure/WellInsightEngine.Infrastructure.csproj" />
  </Folder>
</Solution>
