<Solution>
  <Folder Name="/infra/">
    <File Path="docker-compose.yaml" />
    <File Path="infra/cloudbuild.yaml" />
  </Folder>
  <Folder Name="/infra/sql/">
    <File Path="infra/sql/setup.sh" />
  </Folder>
  <Folder Name="/infra/sql/aggregations/">
    <File Path="infra/sql/aggregations/well_metrics_aggregate_10m.sql" />
    <File Path="infra/sql/aggregations/well_metrics_aggregate_12h.sql" />
    <File Path="infra/sql/aggregations/well_metrics_aggregate_1h.sql" />
    <File Path="infra/sql/aggregations/well_metrics_aggregate_1m.sql" />
    <File Path="infra/sql/aggregations/well_metrics_aggregate_1mo.sql" />
    <File Path="infra/sql/aggregations/well_metrics_aggregate_1w.sql" />
    <File Path="infra/sql/aggregations/well_metrics_aggregate_1y.sql" />
    <File Path="infra/sql/aggregations/well_metrics_aggregate_24h.sql" />
    <File Path="infra/sql/aggregations/well_metrics_aggregate_30m.sql" />
    <File Path="infra/sql/aggregations/well_metrics_aggregate_5m.sql" />
    <File Path="infra/sql/aggregations/well_metrics_aggregate_6h.sql" />
    <File Path="infra/sql/well_metrics.sql" />
  </Folder>
  <Folder Name="/src/">
    <Project Path="src/WellInsightEngine.Api/WellInsightEngine.Api.csproj" />
    <Project Path="src/WellInsightEngine.Core/WellInsightEngine.Core.csproj" />
    <Project Path="src/WellInsightEngine.Infrastructure/WellInsightEngine.Infrastructure.csproj" />
  </Folder>
</Solution>
